
Microsoft Visual Studio Solution File, Format Version 12.00
# Visual Studio 14
VisualStudioVersion = 14.0.24720.0
MinimumVisualStudioVersion = 10.0.40219.1
Project("{FAE04EC0-301F-11D3-BF4B-00C04F79EFBC}") = "SimWinMouse", "Code\SimWinMouse.csproj", "{BEAE9C9A-3D3F-44EE-8568-C3FAA3CD6C9E}"
EndProject
Global
	GlobalSection(SolutionConfigurationPlatforms) = preSolution
		Debug|Any CPU = Debug|Any CPU
		Release|Any CPU = Release|Any CPU
	EndGlobalSection
	GlobalSection(ProjectConfigurationPlatforms) = postSolution
		{BEAE9C9A-3D3F-44EE-8568-C3FAA3CD6C9E}.Debug|Any CPU.ActiveCfg = Debug|Any CPU
		{BEAE9C9A-3D3F-44EE-8568-C3FAA3CD6C9E}.Debug|Any CPU.Build.0 = Debug|Any CPU
		{BEAE9C9A-3D3F-44EE-8568-C3FAA3CD6C9E}.Release|Any CPU.ActiveCfg = Release|Any CPU
		{BEAE9C9A-3D3F-44EE-8568-C3FAA3CD6C9E}.Release|Any CPU.Build.0 = Release|Any CPU
	EndGlobalSection
	GlobalSection(SolutionProperties) = preSolution
		HideSolutionNode = FALSE
	EndGlobalSection
EndGlobal
