
Microsoft Visual Studio Solution File, Format Version 12.00
# Visual Studio 15
VisualStudioVersion = 15.0.28010.2048
MinimumVisualStudioVersion = 10.0.40219.1
Project("{FAE04EC0-301F-11D3-BF4B-00C04F79EFBC}") = "SimWinMouse", "SimWinMouse\SimWinMouse.csproj", "{BEAE9C9A-3D3F-44EE-8568-C3FAA3CD6C9E}"
EndProject
Project("{FAE04EC0-301F-11D3-BF4B-00C04F79EFBC}") = "SimWinKeyboard", "SimWinKeyboard\SimWinKeyboard.csproj", "{51110AB1-5E63-472F-A4B0-DED9E0DA4547}"
EndProject
Project("{FAE04EC0-301F-11D3-BF4B-00C04F79EFBC}") = "SimWinGamePad", "SimWinGamePad\SimWinGamePad.csproj", "{46541C61-9956-43C1-A30D-43574C4E48B2}"
EndProject
Project("{FAE04EC0-301F-11D3-BF4B-00C04F79EFBC}") = "SimExamples", "SimExamples\SimExamples.csproj", "{0B40A9B2-C350-46E1-B885-EAFC74CC9129}"
EndProject
Global
	GlobalSection(SolutionConfigurationPlatforms) = preSolution
		Debug|Any CPU = Debug|Any CPU
		Release|Any CPU = Release|Any CPU
	EndGlobalSection
	GlobalSection(ProjectConfigurationPlatforms) = postSolution
		{BEAE9C9A-3D3F-44EE-8568-C3FAA3CD6C9E}.Debug|Any CPU.ActiveCfg = Debug|Any CPU
		{BEAE9C9A-3D3F-44EE-8568-C3FAA3CD6C9E}.Debug|Any CPU.Build.0 = Debug|Any CPU
		{BEAE9C9A-3D3F-44EE-8568-C3FAA3CD6C9E}.Release|Any CPU.ActiveCfg = Release|Any CPU
		{BEAE9C9A-3D3F-44EE-8568-C3FAA3CD6C9E}.Release|Any CPU.Build.0 = Release|Any CPU
		{51110AB1-5E63-472F-A4B0-DED9E0DA4547}.Debug|Any CPU.ActiveCfg = Debug|Any CPU
		{51110AB1-5E63-472F-A4B0-DED9E0DA4547}.Debug|Any CPU.Build.0 = Debug|Any CPU
		{51110AB1-5E63-472F-A4B0-DED9E0DA4547}.Release|Any CPU.ActiveCfg = Release|Any CPU
		{51110AB1-5E63-472F-A4B0-DED9E0DA4547}.Release|Any CPU.Build.0 = Release|Any CPU
		{46541C61-9956-43C1-A30D-43574C4E48B2}.Debug|Any CPU.ActiveCfg = Debug|Any CPU
		{46541C61-9956-43C1-A30D-43574C4E48B2}.Debug|Any CPU.Build.0 = Debug|Any CPU
		{46541C61-9956-43C1-A30D-43574C4E48B2}.Release|Any CPU.ActiveCfg = Release|Any CPU
		{46541C61-9956-43C1-A30D-43574C4E48B2}.Release|Any CPU.Build.0 = Release|Any CPU
		{0B40A9B2-C350-46E1-B885-EAFC74CC9129}.Debug|Any CPU.ActiveCfg = Debug|Any CPU
		{0B40A9B2-C350-46E1-B885-EAFC74CC9129}.Debug|Any CPU.Build.0 = Debug|Any CPU
		{0B40A9B2-C350-46E1-B885-EAFC74CC9129}.Release|Any CPU.ActiveCfg = Release|Any CPU
		{0B40A9B2-C350-46E1-B885-EAFC74CC9129}.Release|Any CPU.Build.0 = Release|Any CPU
	EndGlobalSection
	GlobalSection(SolutionProperties) = preSolution
		HideSolutionNode = FALSE
	EndGlobalSection
	GlobalSection(ExtensibilityGlobals) = postSolution
		SolutionGuid = {D135FC13-5C7C-4D3E-9081-025ACC71E69D}
	EndGlobalSection
EndGlobal
